
Microsoft Visual Studio Solution File, Format Version 12.00
# Visual Studio 2013
VisualStudioVersion = 12.0.40629.0
MinimumVisualStudioVersion = 10.0.40219.1
Project("{FAE04EC0-301F-11D3-BF4B-00C04F79EFBC}") = "WorkWithDB.UI", "WorkWithDB.UI\WorkWithDB.UI.csproj", "{808D4365-BDBE-4812-80D6-7F3ED4787701}"
	ProjectSection(ProjectDependencies) = postProject
		{445BB82A-F082-40AC-8DA6-3FEB7E4361DE} = {445BB82A-F082-40AC-8DA6-3FEB7E4361DE}
		{4C3C0B31-0A21-4E39-9F3A-5C896CD39DE8} = {4C3C0B31-0A21-4E39-9F3A-5C896CD39DE8}
		{5645D5BE-6F6C-43DE-8737-145179F89DDD} = {5645D5BE-6F6C-43DE-8737-145179F89DDD}
	EndProjectSection
EndProject
Project("{2150E333-8FDC-42A3-9474-1A3956D46DE8}") = ".nuget", ".nuget", "{3B268D7B-08C5-4670-B909-B7C6677B3DF3}"
	ProjectSection(SolutionItems) = preProject
		.nuget\NuGet.Config = .nuget\NuGet.Config
		.nuget\NuGet.exe = .nuget\NuGet.exe
		.nuget\NuGet.targets = .nuget\NuGet.targets
		.nuget\packages.config = .nuget\packages.config
	EndProjectSection
EndProject
Project("{FAE04EC0-301F-11D3-BF4B-00C04F79EFBC}") = "WorkWithDB.DAL.PostgreSQL", "WorkWithDB.DAL.PostgreSQL\WorkWithDB.DAL.PostgreSQL.csproj", "{5645D5BE-6F6C-43DE-8737-145179F89DDD}"
EndProject
Project("{FAE04EC0-301F-11D3-BF4B-00C04F79EFBC}") = "WorkWithDB.DAL.Abstract", "WorkWithDB.DAL.Abstract\WorkWithDB.DAL.Abstract.csproj", "{445BB82A-F082-40AC-8DA6-3FEB7E4361DE}"
EndProject
Project("{FAE04EC0-301F-11D3-BF4B-00C04F79EFBC}") = "WorkWithDB.DAL.Entity", "WorkWithDB.DAL.Entity\WorkWithDB.DAL.Entity.csproj", "{4C3C0B31-0A21-4E39-9F3A-5C896CD39DE8}"
EndProject
Project("{FAE04EC0-301F-11D3-BF4B-00C04F79EFBC}") = "WorkWithDB.Test", "WorkWithDB.Test\WorkWithDB.Test.csproj", "{FA07E984-0E2C-4A90-9BEF-2790A2C77375}"
	ProjectSection(ProjectDependencies) = postProject
		{445BB82A-F082-40AC-8DA6-3FEB7E4361DE} = {445BB82A-F082-40AC-8DA6-3FEB7E4361DE}
		{4C3C0B31-0A21-4E39-9F3A-5C896CD39DE8} = {4C3C0B31-0A21-4E39-9F3A-5C896CD39DE8}
		{5645D5BE-6F6C-43DE-8737-145179F89DDD} = {5645D5BE-6F6C-43DE-8737-145179F89DDD}
	EndProjectSection
EndProject
Project("{2150E333-8FDC-42A3-9474-1A3956D46DE8}") = "common", "common", "{3AC6139B-7BA4-4AFF-9FBE-86E01818B55C}"
EndProject
Project("{2150E333-8FDC-42A3-9474-1A3956D46DE8}") = "Server", "Server", "{C90A1129-DC17-42E1-A29F-332DE67E9BF2}"
EndProject
Project("{FAE04EC0-301F-11D3-BF4B-00C04F79EFBC}") = "WebApp.Abstract", "WebApp.Abstract\WebApp.Abstract.csproj", "{3882D97A-35DB-439E-9A5D-05085E1E2FB3}"
EndProject
Project("{FAE04EC0-301F-11D3-BF4B-00C04F79EFBC}") = "WebApp.Api.Models", "WebApp.Api.Models\WebApp.Api.Models.csproj", "{4E264EE6-8805-440E-8CF0-7B55182BB081}"
EndProject
Project("{FAE04EC0-301F-11D3-BF4B-00C04F79EFBC}") = "WebApp.BL", "WebApp.BL\WebApp.BL.csproj", "{8AF03A4F-61EF-4E5B-BA2C-BA7F7C6C37B3}"
EndProject
Project("{FAE04EC0-301F-11D3-BF4B-00C04F79EFBC}") = "WebApp", "WebApp\WebApp.csproj", "{801FE471-B843-4520-BC7E-C6635D612B9A}"
EndProject
Project("{FAE04EC0-301F-11D3-BF4B-00C04F79EFBC}") = "Goods.Tests", "Goods.Tests\Goods.Tests.csproj", "{662817D0-6B9F-4550-A8BE-99E71F373F10}"
EndProject
Global
	GlobalSection(SolutionConfigurationPlatforms) = preSolution
		Debug|Any CPU = Debug|Any CPU
		Release|Any CPU = Release|Any CPU
	EndGlobalSection
	GlobalSection(ProjectConfigurationPlatforms) = postSolution
		{808D4365-BDBE-4812-80D6-7F3ED4787701}.Debug|Any CPU.ActiveCfg = Debug|Any CPU
		{808D4365-BDBE-4812-80D6-7F3ED4787701}.Debug|Any CPU.Build.0 = Debug|Any CPU
		{808D4365-BDBE-4812-80D6-7F3ED4787701}.Release|Any CPU.ActiveCfg = Release|Any CPU
		{808D4365-BDBE-4812-80D6-7F3ED4787701}.Release|Any CPU.Build.0 = Release|Any CPU
		{5645D5BE-6F6C-43DE-8737-145179F89DDD}.Debug|Any CPU.ActiveCfg = Debug|Any CPU
		{5645D5BE-6F6C-43DE-8737-145179F89DDD}.Debug|Any CPU.Build.0 = Debug|Any CPU
		{5645D5BE-6F6C-43DE-8737-145179F89DDD}.Release|Any CPU.ActiveCfg = Release|Any CPU
		{5645D5BE-6F6C-43DE-8737-145179F89DDD}.Release|Any CPU.Build.0 = Release|Any CPU
		{445BB82A-F082-40AC-8DA6-3FEB7E4361DE}.Debug|Any CPU.ActiveCfg = Debug|Any CPU
		{445BB82A-F082-40AC-8DA6-3FEB7E4361DE}.Debug|Any CPU.Build.0 = Debug|Any CPU
		{445BB82A-F082-40AC-8DA6-3FEB7E4361DE}.Release|Any CPU.ActiveCfg = Release|Any CPU
		{445BB82A-F082-40AC-8DA6-3FEB7E4361DE}.Release|Any CPU.Build.0 = Release|Any CPU
		{4C3C0B31-0A21-4E39-9F3A-5C896CD39DE8}.Debug|Any CPU.ActiveCfg = Debug|Any CPU
		{4C3C0B31-0A21-4E39-9F3A-5C896CD39DE8}.Debug|Any CPU.Build.0 = Debug|Any CPU
		{4C3C0B31-0A21-4E39-9F3A-5C896CD39DE8}.Release|Any CPU.ActiveCfg = Release|Any CPU
		{4C3C0B31-0A21-4E39-9F3A-5C896CD39DE8}.Release|Any CPU.Build.0 = Release|Any CPU
		{FA07E984-0E2C-4A90-9BEF-2790A2C77375}.Debug|Any CPU.ActiveCfg = Debug|Any CPU
		{FA07E984-0E2C-4A90-9BEF-2790A2C77375}.Debug|Any CPU.Build.0 = Debug|Any CPU
		{FA07E984-0E2C-4A90-9BEF-2790A2C77375}.Release|Any CPU.ActiveCfg = Release|Any CPU
		{FA07E984-0E2C-4A90-9BEF-2790A2C77375}.Release|Any CPU.Build.0 = Release|Any CPU
		{3882D97A-35DB-439E-9A5D-05085E1E2FB3}.Debug|Any CPU.ActiveCfg = Debug|Any CPU
		{3882D97A-35DB-439E-9A5D-05085E1E2FB3}.Debug|Any CPU.Build.0 = Debug|Any CPU
		{3882D97A-35DB-439E-9A5D-05085E1E2FB3}.Release|Any CPU.ActiveCfg = Release|Any CPU
		{3882D97A-35DB-439E-9A5D-05085E1E2FB3}.Release|Any CPU.Build.0 = Release|Any CPU
		{4E264EE6-8805-440E-8CF0-7B55182BB081}.Debug|Any CPU.ActiveCfg = Debug|Any CPU
		{4E264EE6-8805-440E-8CF0-7B55182BB081}.Debug|Any CPU.Build.0 = Debug|Any CPU
		{4E264EE6-8805-440E-8CF0-7B55182BB081}.Release|Any CPU.ActiveCfg = Release|Any CPU
		{4E264EE6-8805-440E-8CF0-7B55182BB081}.Release|Any CPU.Build.0 = Release|Any CPU
		{8AF03A4F-61EF-4E5B-BA2C-BA7F7C6C37B3}.Debug|Any CPU.ActiveCfg = Debug|Any CPU
		{8AF03A4F-61EF-4E5B-BA2C-BA7F7C6C37B3}.Debug|Any CPU.Build.0 = Debug|Any CPU
		{8AF03A4F-61EF-4E5B-BA2C-BA7F7C6C37B3}.Release|Any CPU.ActiveCfg = Release|Any CPU
		{8AF03A4F-61EF-4E5B-BA2C-BA7F7C6C37B3}.Release|Any CPU.Build.0 = Release|Any CPU
		{801FE471-B843-4520-BC7E-C6635D612B9A}.Debug|Any CPU.ActiveCfg = Debug|Any CPU
		{801FE471-B843-4520-BC7E-C6635D612B9A}.Debug|Any CPU.Build.0 = Debug|Any CPU
		{801FE471-B843-4520-BC7E-C6635D612B9A}.Release|Any CPU.ActiveCfg = Release|Any CPU
		{801FE471-B843-4520-BC7E-C6635D612B9A}.Release|Any CPU.Build.0 = Release|Any CPU
		{662817D0-6B9F-4550-A8BE-99E71F373F10}.Debug|Any CPU.ActiveCfg = Debug|Any CPU
		{662817D0-6B9F-4550-A8BE-99E71F373F10}.Debug|Any CPU.Build.0 = Debug|Any CPU
		{662817D0-6B9F-4550-A8BE-99E71F373F10}.Release|Any CPU.ActiveCfg = Release|Any CPU
		{662817D0-6B9F-4550-A8BE-99E71F373F10}.Release|Any CPU.Build.0 = Release|Any CPU
	EndGlobalSection
	GlobalSection(SolutionProperties) = preSolution
		HideSolutionNode = FALSE
	EndGlobalSection
	GlobalSection(NestedProjects) = preSolution
		{808D4365-BDBE-4812-80D6-7F3ED4787701} = {3AC6139B-7BA4-4AFF-9FBE-86E01818B55C}
		{5645D5BE-6F6C-43DE-8737-145179F89DDD} = {3AC6139B-7BA4-4AFF-9FBE-86E01818B55C}
		{445BB82A-F082-40AC-8DA6-3FEB7E4361DE} = {3AC6139B-7BA4-4AFF-9FBE-86E01818B55C}
		{4C3C0B31-0A21-4E39-9F3A-5C896CD39DE8} = {3AC6139B-7BA4-4AFF-9FBE-86E01818B55C}
		{FA07E984-0E2C-4A90-9BEF-2790A2C77375} = {3AC6139B-7BA4-4AFF-9FBE-86E01818B55C}
		{3882D97A-35DB-439E-9A5D-05085E1E2FB3} = {C90A1129-DC17-42E1-A29F-332DE67E9BF2}
		{4E264EE6-8805-440E-8CF0-7B55182BB081} = {C90A1129-DC17-42E1-A29F-332DE67E9BF2}
		{8AF03A4F-61EF-4E5B-BA2C-BA7F7C6C37B3} = {C90A1129-DC17-42E1-A29F-332DE67E9BF2}
		{801FE471-B843-4520-BC7E-C6635D612B9A} = {C90A1129-DC17-42E1-A29F-332DE67E9BF2}
		{662817D0-6B9F-4550-A8BE-99E71F373F10} = {C90A1129-DC17-42E1-A29F-332DE67E9BF2}
	EndGlobalSection
EndGlobal
